
Microsoft Visual Studio Solution File, Format Version 12.00
# Visual Studio Version 17
VisualStudioVersion = 17.13.35919.96 d17.13
MinimumVisualStudioVersion = 10.0.40219.1
Project("{FAE04EC0-301F-11D3-BF4B-00C04F79EFBC}") = "Disaster_Resource_Allocation_API", "Disaster_Resource_Allocation_API.csproj", "{AF357A97-B832-4200-8D13-065E6B9912A3}"
EndProject
Global
	GlobalSection(SolutionConfigurationPlatforms) = preSolution
		Debug|Any CPU = Debug|Any CPU
		Release|Any CPU = Release|Any CPU
	EndGlobalSection
	GlobalSection(ProjectConfigurationPlatforms) = postSolution
		{AF357A97-B832-4200-8D13-065E6B9912A3}.Debug|Any CPU.ActiveCfg = Debug|Any CPU
		{AF357A97-B832-4200-8D13-065E6B9912A3}.Debug|Any CPU.Build.0 = Debug|Any CPU
		{AF357A97-B832-4200-8D13-065E6B9912A3}.Release|Any CPU.ActiveCfg = Release|Any CPU
		{AF357A97-B832-4200-8D13-065E6B9912A3}.Release|Any CPU.Build.0 = Release|Any CPU
	EndGlobalSection
	GlobalSection(SolutionProperties) = preSolution
		HideSolutionNode = FALSE
	EndGlobalSection
	GlobalSection(ExtensibilityGlobals) = postSolution
		SolutionGuid = {C79D158B-FEE4-4B74-9E78-9299EF229660}
	EndGlobalSection
EndGlobal
